
Microsoft Visual Studio Solution File, Format Version 12.00
# Visual Studio Version 17
VisualStudioVersion = 17.0.31903.59
MinimumVisualStudioVersion = 10.0.40219.1
Project("{FAE04EC0-301F-11D3-BF4B-00C04F79EFBC}") = "LoginBackEnd.Api", "LoginBackEnd.Api\LoginBackEnd.Api.csproj", "{2537AAB7-3A2C-4D3D-AEA9-015F210B95DC}"
EndProject
Project("{FAE04EC0-301F-11D3-BF4B-00C04F79EFBC}") = "LoginBackEnd.Application", "LoginBackEnd.Application\LoginBackEnd.Application.csproj", "{67920B6D-4A4A-4107-AFD4-55BA358BA0DC}"
EndProject
Project("{FAE04EC0-301F-11D3-BF4B-00C04F79EFBC}") = "LoginBackEnd.Domain", "LoginBackEnd.Domain\LoginBackEnd.Domain.csproj", "{27EC10B8-5B54-4320-8887-777818F3A88C}"
EndProject
Project("{FAE04EC0-301F-11D3-BF4B-00C04F79EFBC}") = "LoginBackEnd.Infrastructure", "LoginBackEnd.Infrastructure\LoginBackEnd.Infrastructure.csproj", "{AD1DDB34-5985-4AC0-85CB-690BA9696F9C}"
EndProject
Global
	GlobalSection(SolutionConfigurationPlatforms) = preSolution
		Debug|Any CPU = Debug|Any CPU
		Debug|x64 = Debug|x64
		Debug|x86 = Debug|x86
		Release|Any CPU = Release|Any CPU
		Release|x64 = Release|x64
		Release|x86 = Release|x86
	EndGlobalSection
	GlobalSection(ProjectConfigurationPlatforms) = postSolution
		{2537AAB7-3A2C-4D3D-AEA9-015F210B95DC}.Debug|Any CPU.ActiveCfg = Debug|Any CPU
		{2537AAB7-3A2C-4D3D-AEA9-015F210B95DC}.Debug|Any CPU.Build.0 = Debug|Any CPU
		{2537AAB7-3A2C-4D3D-AEA9-015F210B95DC}.Debug|x64.ActiveCfg = Debug|Any CPU
		{2537AAB7-3A2C-4D3D-AEA9-015F210B95DC}.Debug|x64.Build.0 = Debug|Any CPU
		{2537AAB7-3A2C-4D3D-AEA9-015F210B95DC}.Debug|x86.ActiveCfg = Debug|Any CPU
		{2537AAB7-3A2C-4D3D-AEA9-015F210B95DC}.Debug|x86.Build.0 = Debug|Any CPU
		{2537AAB7-3A2C-4D3D-AEA9-015F210B95DC}.Release|Any CPU.ActiveCfg = Release|Any CPU
		{2537AAB7-3A2C-4D3D-AEA9-015F210B95DC}.Release|Any CPU.Build.0 = Release|Any CPU
		{2537AAB7-3A2C-4D3D-AEA9-015F210B95DC}.Release|x64.ActiveCfg = Release|Any CPU
		{2537AAB7-3A2C-4D3D-AEA9-015F210B95DC}.Release|x64.Build.0 = Release|Any CPU
		{2537AAB7-3A2C-4D3D-AEA9-015F210B95DC}.Release|x86.ActiveCfg = Release|Any CPU
		{2537AAB7-3A2C-4D3D-AEA9-015F210B95DC}.Release|x86.Build.0 = Release|Any CPU
		{67920B6D-4A4A-4107-AFD4-55BA358BA0DC}.Debug|Any CPU.ActiveCfg = Debug|Any CPU
		{67920B6D-4A4A-4107-AFD4-55BA358BA0DC}.Debug|Any CPU.Build.0 = Debug|Any CPU
		{67920B6D-4A4A-4107-AFD4-55BA358BA0DC}.Debug|x64.ActiveCfg = Debug|Any CPU
		{67920B6D-4A4A-4107-AFD4-55BA358BA0DC}.Debug|x64.Build.0 = Debug|Any CPU
		{67920B6D-4A4A-4107-AFD4-55BA358BA0DC}.Debug|x86.ActiveCfg = Debug|Any CPU
		{67920B6D-4A4A-4107-AFD4-55BA358BA0DC}.Debug|x86.Build.0 = Debug|Any CPU
		{67920B6D-4A4A-4107-AFD4-55BA358BA0DC}.Release|Any CPU.ActiveCfg = Release|Any CPU
		{67920B6D-4A4A-4107-AFD4-55BA358BA0DC}.Release|Any CPU.Build.0 = Release|Any CPU
		{67920B6D-4A4A-4107-AFD4-55BA358BA0DC}.Release|x64.ActiveCfg = Release|Any CPU
		{67920B6D-4A4A-4107-AFD4-55BA358BA0DC}.Release|x64.Build.0 = Release|Any CPU
		{67920B6D-4A4A-4107-AFD4-55BA358BA0DC}.Release|x86.ActiveCfg = Release|Any CPU
		{67920B6D-4A4A-4107-AFD4-55BA358BA0DC}.Release|x86.Build.0 = Release|Any CPU
		{27EC10B8-5B54-4320-8887-777818F3A88C}.Debug|Any CPU.ActiveCfg = Debug|Any CPU
		{27EC10B8-5B54-4320-8887-777818F3A88C}.Debug|Any CPU.Build.0 = Debug|Any CPU
		{27EC10B8-5B54-4320-8887-777818F3A88C}.Debug|x64.ActiveCfg = Debug|Any CPU
		{27EC10B8-5B54-4320-8887-777818F3A88C}.Debug|x64.Build.0 = Debug|Any CPU
		{27EC10B8-5B54-4320-8887-777818F3A88C}.Debug|x86.ActiveCfg = Debug|Any CPU
		{27EC10B8-5B54-4320-8887-777818F3A88C}.Debug|x86.Build.0 = Debug|Any CPU
		{27EC10B8-5B54-4320-8887-777818F3A88C}.Release|Any CPU.ActiveCfg = Release|Any CPU
		{27EC10B8-5B54-4320-8887-777818F3A88C}.Release|Any CPU.Build.0 = Release|Any CPU
		{27EC10B8-5B54-4320-8887-777818F3A88C}.Release|x64.ActiveCfg = Release|Any CPU
		{27EC10B8-5B54-4320-8887-777818F3A88C}.Release|x64.Build.0 = Release|Any CPU
		{27EC10B8-5B54-4320-8887-777818F3A88C}.Release|x86.ActiveCfg = Release|Any CPU
		{27EC10B8-5B54-4320-8887-777818F3A88C}.Release|x86.Build.0 = Release|Any CPU
		{AD1DDB34-5985-4AC0-85CB-690BA9696F9C}.Debug|Any CPU.ActiveCfg = Debug|Any CPU
		{AD1DDB34-5985-4AC0-85CB-690BA9696F9C}.Debug|Any CPU.Build.0 = Debug|Any CPU
		{AD1DDB34-5985-4AC0-85CB-690BA9696F9C}.Debug|x64.ActiveCfg = Debug|Any CPU
		{AD1DDB34-5985-4AC0-85CB-690BA9696F9C}.Debug|x64.Build.0 = Debug|Any CPU
		{AD1DDB34-5985-4AC0-85CB-690BA9696F9C}.Debug|x86.ActiveCfg = Debug|Any CPU
		{AD1DDB34-5985-4AC0-85CB-690BA9696F9C}.Debug|x86.Build.0 = Debug|Any CPU
		{AD1DDB34-5985-4AC0-85CB-690BA9696F9C}.Release|Any CPU.ActiveCfg = Release|Any CPU
		{AD1DDB34-5985-4AC0-85CB-690BA9696F9C}.Release|Any CPU.Build.0 = Release|Any CPU
		{AD1DDB34-5985-4AC0-85CB-690BA9696F9C}.Release|x64.ActiveCfg = Release|Any CPU
		{AD1DDB34-5985-4AC0-85CB-690BA9696F9C}.Release|x64.Build.0 = Release|Any CPU
		{AD1DDB34-5985-4AC0-85CB-690BA9696F9C}.Release|x86.ActiveCfg = Release|Any CPU
		{AD1DDB34-5985-4AC0-85CB-690BA9696F9C}.Release|x86.Build.0 = Release|Any CPU
	EndGlobalSection
	GlobalSection(SolutionProperties) = preSolution
		HideSolutionNode = FALSE
	EndGlobalSection
EndGlobal
